DEPENDENCIES
  zabbix
    git: git://github.com/laradji/zabbix.git
    revision: e03a7116675f46e1032267544f7e9223f7690427

GRAPH
  apache2 (1.10.2)
    iptables (>= 0.0.0)
    logrotate (>= 0.0.0)
    pacman (>= 0.0.0)
  apt (2.3.8)
  ark (0.8.2)
  aws (2.1.1)
  build-essential (2.0.0)
  chef_handler (1.1.6)
  chocolatey (0.1.0)
    powershell (>= 0.0.0)
  database (2.1.6)
    aws (>= 0.0.0)
    mysql (>= 5.0.0)
    mysql-chef_gem (>= 0.0.0)
    postgresql (>= 1.0.0)
    xfs (>= 0.0.0)
  firewall (0.11.6)
  iis (2.1.0)
    windows (>= 1.2.6)
  iptables (0.13.2)
  java (1.22.0)
  logrotate (1.5.0)
  ms_dotnet2 (1.0.0)
    windows (>= 0.0.0)
  ms_dotnet4 (1.0.2)
    windows (>= 0.0.0)
  ms_dotnet45 (1.1.2)
    windows (>= 0.0.0)
  mysql (5.2.0)
  mysql-chef_gem (0.0.2)
    build-essential (>= 0.0.0)
    mysql (>= 0.0.0)
  nginx (1.8.0)
    apt (>= 0.0.0)
    build-essential (>= 0.0.0)
    ohai (>= 1.1.4)
    runit (>= 0.0.0)
    yum (>= 0.0.0)
  ohai (2.0.0)
  openssl (1.1.0)
  oracle-instantclient (1.0.4)
  pacman (1.1.1)
  php (1.4.6)
    build-essential (>= 0.0.0)
    iis (>= 0.0.0)
    mysql (>= 0.0.0)
    windows (>= 0.0.0)
    xml (>= 0.0.0)
    yum-epel (>= 0.0.0)
  php-fpm (0.6.4)
    apt (>= 0.0.0)
    yum (>= 0.0.0)
  postgresql (3.3.4)
    apt (>= 0.0.0)
    build-essential (>= 0.0.0)
    openssl (>= 0.0.0)
  powershell (3.0.0)
    ms_dotnet2 (>= 0.0.0)
    ms_dotnet4 (>= 0.0.0)
    ms_dotnet45 (>= 0.0.0)
    windows (>= 1.2.8)
  runit (1.5.10)
    build-essential (>= 0.0.0)
    yum (~> 3.0)
    yum-epel (>= 0.0.0)
  ufw (0.7.4)
    firewall (>= 0.9.0)
  windows (1.30.2)
    chef_handler (>= 0.0.0)
  xfs (1.1.0)
  xml (1.2.4)
    build-essential (>= 0.0.0)
  yum (3.2.0)
  yum-epel (0.3.6)
    yum (~> 3.0)
  zabbix (0.0.42)
    apache2 (>= 1.0.8)
    ark (>= 0.0.0)
    chocolatey (>= 0.0.0)
    database (>= 1.3.0)
    java (>= 0.0.0)
    mysql (>= 1.3.0)
    nginx (>= 1.0.0)
    oracle-instantclient (>= 0.0.0)
    php (>= 0.0.0)
    php-fpm (>= 0.0.0)
    postgresql (>= 0.0.0)
    ufw (>= 0.6.1)
    yum (>= 0.0.0)
    yum-epel (>= 0.0.0)
